<?xml version="1.0" encoding="UTF-8" standalone="yes" ?>
<CodeBlocks_project_file>
	<FileVersion major="1" minor="6" />
	<Project>
		<Option title="ogre7" />
		<Option pch_mode="2" />
		<Option compiler="gcc" />
		<Build>
			<Target title="Debug">
				<Option output="bin/Debug/ogre7" prefix_auto="1" extension_auto="1" />
				<Option object_output="obj/Debug/" />
				<Option type="1" />
				<Option compiler="gcc" />
				<Compiler>
					<Add option="-w" />
					<Add option="-std=c++98" />
					<Add option="-fPIC" />
					<Add option="-g" />
					<Add option="-DOGRE_STATIC_LIB" />
					<Add option="-DOGRE_STATIC_GL" />
					<Add directory="include" />
					<Add directory="OgreMain/src" />
					<Add directory="OgreMain/include" />
					<Add directory="OgreMain/src/nedmalloc" />
					<Add directory="OgreMain/src/GLX" />
					<Add directory="/usr/include/freetype2" />
					<Add directory="GL/include" />
					<Add directory="GL/src" />
					<Add directory="GL/include/GLX" />
					<Add directory="GL/include/GL" />
					<Add directory="GL/src/nvparse" />
					<Add directory="GL/src/atifs/src" />
					<Add directory="GL/src/atifs/include" />
					<Add directory="GL/src/SDL" />
					<Add directory="GL/src/GLSL/include" />
					<Add directory="GL/src/GLX" />
					<Add directory="ParticleFX/include" />
				</Compiler>
				<Linker>
					<Add option="-lSDL2" />
					<Add option="-lGL" />
					<Add option="-lGLU" />
					<Add option="-lfreetype" />
					<Add option="-lSM" />
					<Add option="-lICE" />
					<Add option="-lX11" />
					<Add option="-lXext" />
					<Add option="-lXrandr" />
					<Add option="-lXt" />
					<Add option="-lXaw" />
					<Add option="-lpthread" />
					<Add option="-ldl" />
					<Add option="-lfreeimage" />
					<Add option="-lzzip" />
					<Add option="-lz" />
				</Linker>
			</Target>
			<Target title="Release">
				<Option output="bin/Release/ogre7" prefix_auto="1" extension_auto="1" />
				<Option object_output="obj/Release/" />
				<Option type="1" />
				<Option compiler="gcc" />
				<Compiler>
					<Add option="-w" />
					<Add option="-std=c++98" />
					<Add option="-fPIC" />
					<Add option="-DOGRE_STATIC_GL" />
					<Add option="-DOGRE_STATIC_LIB" />
					<Add directory="include" />
					<Add directory="OgreMain/src" />
					<Add directory="OgreMain/include" />
					<Add directory="OgreMain/src/nedmalloc" />
					<Add directory="OgreMain/src/GLX" />
					<Add directory="/usr/include/freetype2" />
					<Add directory="GL/include" />
					<Add directory="GL/src" />
					<Add directory="GL/include/GLX" />
					<Add directory="GL/include/GL" />
					<Add directory="GL/src/nvparse" />
					<Add directory="GL/src/atifs/src" />
					<Add directory="GL/src/atifs/include" />
					<Add directory="GL/src/SDL" />
					<Add directory="GL/src/GLSL/include" />
					<Add directory="GL/src/GLX" />
					<Add directory="ParticleFX/include" />
					<Add directory="Terrain/include" />
					<Add directory="Paging/include" />
				</Compiler>
				<Linker>
					<Add option="-O3" />
					<Add option="-s" />
					<Add option="-lSDL2" />
					<Add option="-lGL" />
					<Add option="-lGLU" />
					<Add option="-lfreetype" />
					<Add option="-lSM" />
					<Add option="-lICE" />
					<Add option="-lX11" />
					<Add option="-lXext" />
					<Add option="-lXrandr" />
					<Add option="-lXt" />
					<Add option="-lXaw" />
					<Add option="-lpthread" />
					<Add option="-ldl" />
					<Add option="-lfreeimage" />
					<Add option="-lzzip" />
					<Add option="-lz" />
				</Linker>
			</Target>
		</Build>
		<Compiler>
			<Add option="-Wall" />
			<Add option="-fexceptions" />
		</Compiler>
		<Unit filename="BSPSceneManager/src/OgreBspLevel.cpp" />
		<Unit filename="BSPSceneManager/src/OgreBspNode.cpp" />
		<Unit filename="BSPSceneManager/src/OgreBspResourceManager.cpp" />
		<Unit filename="BSPSceneManager/src/OgreBspSceneManager.cpp" />
		<Unit filename="BSPSceneManager/src/OgreBspSceneManagerDll.cpp" />
		<Unit filename="BSPSceneManager/src/OgreBspSceneManagerPlugin.cpp" />
		<Unit filename="BSPSceneManager/src/OgreBspSceneNode.cpp" />
		<Unit filename="BSPSceneManager/src/OgreQuake3Level.cpp" />
		<Unit filename="BSPSceneManager/src/OgreQuake3Shader.cpp" />
		<Unit filename="BSPSceneManager/src/OgreQuake3ShaderManager.cpp" />
		<Unit filename="BaseApplication.cpp" />
		<Unit filename="BaseApplication.h" />
		<Unit filename="GL/include/GL/gl.h" />
		<Unit filename="GL/include/GL/glew.h" />
		<Unit filename="GL/include/GL/glext.h" />
		<Unit filename="GL/include/GL/glxew.h" />
		<Unit filename="GL/include/GL/glxext.h" />
		<Unit filename="GL/include/GL/glxtokens.h" />
		<Unit filename="GL/include/GL/wglew.h" />
		<Unit filename="GL/include/GL/wglext.h" />
		<Unit filename="GL/include/GLX/OgreGLXContext.h" />
		<Unit filename="GL/include/GLX/OgreGLXGLSupport.h" />
		<Unit filename="GL/include/GLX/OgreGLXRenderTexture.h" />
		<Unit filename="GL/include/GLX/OgreGLXUtils.h" />
		<Unit filename="GL/include/GLX/OgreGLXWindow.h" />
		<Unit filename="GL/include/OgreGLATIFSInit.h" />
		<Unit filename="GL/include/OgreGLContext.h" />
		<Unit filename="GL/include/OgreGLDefaultHardwareBufferManager.h" />
		<Unit filename="GL/include/OgreGLFBOMultiRenderTarget.h" />
		<Unit filename="GL/include/OgreGLFBORenderTexture.h" />
		<Unit filename="GL/include/OgreGLFrameBufferObject.h" />
		<Unit filename="GL/include/OgreGLGpuNvparseProgram.h" />
		<Unit filename="GL/include/OgreGLGpuProgram.h" />
		<Unit filename="GL/include/OgreGLGpuProgramManager.h" />
		<Unit filename="GL/include/OgreGLHardwareBufferManager.h" />
		<Unit filename="GL/include/OgreGLHardwareIndexBuffer.h" />
		<Unit filename="GL/include/OgreGLHardwareOcclusionQuery.h" />
		<Unit filename="GL/include/OgreGLHardwarePixelBuffer.h" />
		<Unit filename="GL/include/OgreGLHardwareVertexBuffer.h" />
		<Unit filename="GL/include/OgreGLPBRenderTexture.h" />
		<Unit filename="GL/include/OgreGLPBuffer.h" />
		<Unit filename="GL/include/OgreGLPixelFormat.h" />
		<Unit filename="GL/include/OgreGLPlugin.h" />
		<Unit filename="GL/include/OgreGLPrerequisites.h" />
		<Unit filename="GL/include/OgreGLRenderSystem.h" />
		<Unit filename="GL/include/OgreGLRenderTexture.h" />
		<Unit filename="GL/include/OgreGLRenderToVertexBuffer.h" />
		<Unit filename="GL/include/OgreGLSupport.h" />
		<Unit filename="GL/include/OgreGLTexture.h" />
		<Unit filename="GL/include/OgreGLTextureManager.h" />
		<Unit filename="GL/include/OgreSDLGLSupport.h" />
		<Unit filename="GL/include/OgreSDLPrerequisites.h" />
		<Unit filename="GL/include/OgreSDLWindow.h" />
		<Unit filename="GL/include/OgreWin32Context.h" />
		<Unit filename="GL/include/OgreWin32GLSupport.h" />
		<Unit filename="GL/include/OgreWin32Prerequisites.h" />
		<Unit filename="GL/include/OgreWin32RenderTexture.h" />
		<Unit filename="GL/include/OgreWin32Window.h" />
		<Unit filename="GL/src/GLSL/include/OgreGLSLExtSupport.h" />
		<Unit filename="GL/src/GLSL/include/OgreGLSLGpuProgram.h" />
		<Unit filename="GL/src/GLSL/include/OgreGLSLLinkProgram.h" />
		<Unit filename="GL/src/GLSL/include/OgreGLSLLinkProgramManager.h" />
		<Unit filename="GL/src/GLSL/include/OgreGLSLPreprocessor.h" />
		<Unit filename="GL/src/GLSL/include/OgreGLSLProgram.h" />
		<Unit filename="GL/src/GLSL/include/OgreGLSLProgramFactory.h" />
		<Unit filename="GL/src/GLSL/src/OgreGLSLExtSupport.cpp" />
		<Unit filename="GL/src/GLSL/src/OgreGLSLGpuProgram.cpp" />
		<Unit filename="GL/src/GLSL/src/OgreGLSLLinkProgram.cpp" />
		<Unit filename="GL/src/GLSL/src/OgreGLSLLinkProgramManager.cpp" />
		<Unit filename="GL/src/GLSL/src/OgreGLSLPreprocessor.cpp" />
		<Unit filename="GL/src/GLSL/src/OgreGLSLProgram.cpp" />
		<Unit filename="GL/src/GLSL/src/OgreGLSLProgramFactory.cpp" />
		<Unit filename="GL/src/GLX/OgreGLUtil.h" />
		<Unit filename="GL/src/GLX/OgreGLXContext.cpp" />
		<Unit filename="GL/src/GLX/OgreGLXGLSupport.cpp" />
		<Unit filename="GL/src/GLX/OgreGLXRenderTexture.cpp" />
		<Unit filename="GL/src/GLX/OgreGLXWindow.cpp" />
		<Unit filename="GL/src/OgreGLATIFSInit.cpp" />
		<Unit filename="GL/src/OgreGLContext.cpp" />
		<Unit filename="GL/src/OgreGLDefaultHardwareBufferManager.cpp" />
		<Unit filename="GL/src/OgreGLEngineDll.cpp" />
		<Unit filename="GL/src/OgreGLFBOMultiRenderTarget.cpp" />
		<Unit filename="GL/src/OgreGLFBORenderTexture.cpp" />
		<Unit filename="GL/src/OgreGLFrameBufferObject.cpp" />
		<Unit filename="GL/src/OgreGLGpuNvparseProgram.cpp" />
		<Unit filename="GL/src/OgreGLGpuProgram.cpp" />
		<Unit filename="GL/src/OgreGLGpuProgramManager.cpp" />
		<Unit filename="GL/src/OgreGLHardwareBufferManager.cpp" />
		<Unit filename="GL/src/OgreGLHardwareIndexBuffer.cpp" />
		<Unit filename="GL/src/OgreGLHardwareOcclusionQuery.cpp" />
		<Unit filename="GL/src/OgreGLHardwarePixelBuffer.cpp" />
		<Unit filename="GL/src/OgreGLHardwareVertexBuffer.cpp" />
		<Unit filename="GL/src/OgreGLPBRenderTexture.cpp" />
		<Unit filename="GL/src/OgreGLPixelFormat.cpp" />
		<Unit filename="GL/src/OgreGLPlugin.cpp" />
		<Unit filename="GL/src/OgreGLRenderSystem.cpp" />
		<Unit filename="GL/src/OgreGLRenderTexture.cpp" />
		<Unit filename="GL/src/OgreGLRenderToVertexBuffer.cpp" />
		<Unit filename="GL/src/OgreGLSupport.cpp" />
		<Unit filename="GL/src/OgreGLTexture.cpp" />
		<Unit filename="GL/src/OgreGLTextureManager.cpp" />
		<Unit filename="GL/src/SDL/OgreGLUtil.h" />
		<Unit filename="GL/src/atifs/include/ATI_FS_GLGpuProgram.h" />
		<Unit filename="GL/src/atifs/include/Compiler2Pass.h" />
		<Unit filename="GL/src/atifs/include/ps_1_4.h" />
		<Unit filename="GL/src/atifs/src/ATI_FS_GLGpuProgram.cpp" />
		<Unit filename="GL/src/atifs/src/Compiler2Pass.cpp" />
		<Unit filename="GL/src/atifs/src/ps_1_4.cpp" />
		<Unit filename="GL/src/glew.cpp" />
		<Unit filename="GL/src/gtk/OgreGLUtil.h" />
		<Unit filename="GL/src/nvparse/_ps1.0_lexer.cpp" />
		<Unit filename="GL/src/nvparse/_ps1.0_parser.cpp" />
		<Unit filename="GL/src/nvparse/_ps1.0_parser.h" />
		<Unit filename="GL/src/nvparse/_rc1.0_lexer.cpp" />
		<Unit filename="GL/src/nvparse/_rc1.0_parser.cpp" />
		<Unit filename="GL/src/nvparse/_rc1.0_parser.h" />
		<Unit filename="GL/src/nvparse/_ts1.0_lexer.cpp" />
		<Unit filename="GL/src/nvparse/_ts1.0_parser.cpp" />
		<Unit filename="GL/src/nvparse/_ts1.0_parser.h" />
		<Unit filename="GL/src/nvparse/_vs1.0_lexer.cpp" />
		<Unit filename="GL/src/nvparse/_vs1.0_parser.cpp" />
		<Unit filename="GL/src/nvparse/_vs1.0_parser.h" />
		<Unit filename="GL/src/nvparse/avp1.0_impl.cpp" />
		<Unit filename="GL/src/nvparse/macro.h" />
		<Unit filename="GL/src/nvparse/nvparse.cpp" />
		<Unit filename="GL/src/nvparse/nvparse.h" />
		<Unit filename="GL/src/nvparse/nvparse_errors.cpp" />
		<Unit filename="GL/src/nvparse/nvparse_errors.h" />
		<Unit filename="GL/src/nvparse/nvparse_externs.h" />
		<Unit filename="GL/src/nvparse/ps1.0_program.cpp" />
		<Unit filename="GL/src/nvparse/ps1.0_program.h" />
		<Unit filename="GL/src/nvparse/rc1.0_combiners.cpp" />
		<Unit filename="GL/src/nvparse/rc1.0_combiners.h" />
		<Unit filename="GL/src/nvparse/rc1.0_final.cpp" />
		<Unit filename="GL/src/nvparse/rc1.0_final.h" />
		<Unit filename="GL/src/nvparse/rc1.0_general.cpp" />
		<Unit filename="GL/src/nvparse/rc1.0_general.h" />
		<Unit filename="GL/src/nvparse/rc1.0_register.h" />
		<Unit filename="GL/src/nvparse/ts1.0_inst.cpp" />
		<Unit filename="GL/src/nvparse/ts1.0_inst.h" />
		<Unit filename="GL/src/nvparse/ts1.0_inst_list.cpp" />
		<Unit filename="GL/src/nvparse/ts1.0_inst_list.h" />
		<Unit filename="GL/src/nvparse/vcp1.0_impl.cpp" />
		<Unit filename="GL/src/nvparse/vp1.0_impl.cpp" />
		<Unit filename="GL/src/nvparse/vs1.0_inst.cpp" />
		<Unit filename="GL/src/nvparse/vs1.0_inst.h" />
		<Unit filename="GL/src/nvparse/vs1.0_inst_list.cpp" />
		<Unit filename="GL/src/nvparse/vs1.0_inst_list.h" />
		<Unit filename="GL/src/nvparse/vsp1.0_impl.cpp" />
		<Unit filename="GL/src/nvparse/winheaders/unistd.h" />
		<Unit filename="OctreeSceneManager/src/OgreHeightmapTerrainPageSource.cpp" />
		<Unit filename="OctreeSceneManager/src/OgreOctree.cpp" />
		<Unit filename="OctreeSceneManager/src/OgreOctreeCamera.cpp" />
		<Unit filename="OctreeSceneManager/src/OgreOctreeNode.cpp" />
		<Unit filename="OctreeSceneManager/src/OgreOctreePlugin.cpp" />
		<Unit filename="OctreeSceneManager/src/OgreOctreeSceneManager.cpp" />
		<Unit filename="OctreeSceneManager/src/OgreOctreeSceneManagerDll.cpp" />
		<Unit filename="OctreeSceneManager/src/OgreOctreeSceneQuery.cpp" />
		<Unit filename="OctreeSceneManager/src/OgreTerrainPage.cpp" />
		<Unit filename="OctreeSceneManager/src/OgreTerrainPageSource.cpp" />
		<Unit filename="OctreeSceneManager/src/OgreTerrainRenderable.cpp" />
		<Unit filename="OctreeSceneManager/src/OgreTerrainSceneManager.cpp" />
		<Unit filename="OctreeSceneManager/src/OgreTerrainVertexProgram.cpp" />
		<Unit filename="OgreMain/include/GLX/OgreConfigDialogImp.h" />
		<Unit filename="OgreMain/include/GLX/OgreErrorDialogImp.h" />
		<Unit filename="OgreMain/include/GLX/OgreTimerImp.h" />
		<Unit filename="OgreMain/include/Ogre.h" />
		<Unit filename="OgreMain/include/OgreAlignedAllocator.h" />
		<Unit filename="OgreMain/include/OgreAnimable.h" />
		<Unit filename="OgreMain/include/OgreAnimation.h" />
		<Unit filename="OgreMain/include/OgreAnimationState.h" />
		<Unit filename="OgreMain/include/OgreAnimationTrack.h" />
		<Unit filename="OgreMain/include/OgreAny.h" />
		<Unit filename="OgreMain/include/OgreArchive.h" />
		<Unit filename="OgreMain/include/OgreArchiveFactory.h" />
		<Unit filename="OgreMain/include/OgreArchiveManager.h" />
		<Unit filename="OgreMain/include/OgreAtomicWrappers.h" />
		<Unit filename="OgreMain/include/OgreAutoParamDataSource.h" />
		<Unit filename="OgreMain/include/OgreAxisAlignedBox.h" />
		<Unit filename="OgreMain/include/OgreBillboard.h" />
		<Unit filename="OgreMain/include/OgreBillboardChain.h" />
		<Unit filename="OgreMain/include/OgreBillboardParticleRenderer.h" />
		<Unit filename="OgreMain/include/OgreBillboardSet.h" />
		<Unit filename="OgreMain/include/OgreBitwise.h" />
		<Unit filename="OgreMain/include/OgreBlendMode.h" />
		<Unit filename="OgreMain/include/OgreBone.h" />
		<Unit filename="OgreMain/include/OgreBorderPanelOverlayElement.h" />
		<Unit filename="OgreMain/include/OgreCamera.h" />
		<Unit filename="OgreMain/include/OgreCodec.h" />
		<Unit filename="OgreMain/include/OgreColourValue.h" />
		<Unit filename="OgreMain/include/OgreCommon.h" />
		<Unit filename="OgreMain/include/OgreCompositionPass.h" />
		<Unit filename="OgreMain/include/OgreCompositionTargetPass.h" />
		<Unit filename="OgreMain/include/OgreCompositionTechnique.h" />
		<Unit filename="OgreMain/include/OgreCompositor.h" />
		<Unit filename="OgreMain/include/OgreCompositorChain.h" />
		<Unit filename="OgreMain/include/OgreCompositorInstance.h" />
		<Unit filename="OgreMain/include/OgreCompositorLogic.h" />
		<Unit filename="OgreMain/include/OgreCompositorManager.h" />
		<Unit filename="OgreMain/include/OgreConfig.h" />
		<Unit filename="OgreMain/include/OgreConfigDialog.h" />
		<Unit filename="OgreMain/include/OgreConfigFile.h" />
		<Unit filename="OgreMain/include/OgreConfigOptionMap.h" />
		<Unit filename="OgreMain/include/OgreController.h" />
		<Unit filename="OgreMain/include/OgreControllerManager.h" />
		<Unit filename="OgreMain/include/OgreConvexBody.h" />
		<Unit filename="OgreMain/include/OgreCustomCompositionPass.h" />
		<Unit filename="OgreMain/include/OgreDDSCodec.h" />
		<Unit filename="OgreMain/include/OgreDataStream.h" />
		<Unit filename="OgreMain/include/OgreDefaultHardwareBufferManager.h" />
		<Unit filename="OgreMain/include/OgreDistanceLodStrategy.h" />
		<Unit filename="OgreMain/include/OgreDynLib.h" />
		<Unit filename="OgreMain/include/OgreDynLibManager.h" />
		<Unit filename="OgreMain/include/OgreEdgeListBuilder.h" />
		<Unit filename="OgreMain/include/OgreEntity.h" />
		<Unit filename="OgreMain/include/OgreErrorDialog.h" />
		<Unit filename="OgreMain/include/OgreException.h" />
		<Unit filename="OgreMain/include/OgreExternalTextureSource.h" />
		<Unit filename="OgreMain/include/OgreExternalTextureSourceManager.h" />
		<Unit filename="OgreMain/include/OgreFactoryObj.h" />
		<Unit filename="OgreMain/include/OgreFileSystem.h" />
		<Unit filename="OgreMain/include/OgreFont.h" />
		<Unit filename="OgreMain/include/OgreFontManager.h" />
		<Unit filename="OgreMain/include/OgreFrameListener.h" />
		<Unit filename="OgreMain/include/OgreFreeImageCodec.h" />
		<Unit filename="OgreMain/include/OgreFrustum.h" />
		<Unit filename="OgreMain/include/OgreGpuProgram.h" />
		<Unit filename="OgreMain/include/OgreGpuProgramManager.h" />
		<Unit filename="OgreMain/include/OgreGpuProgramParams.h" />
		<Unit filename="OgreMain/include/OgreGpuProgramUsage.h" />
		<Unit filename="OgreMain/include/OgreHardwareBuffer.h" />
		<Unit filename="OgreMain/include/OgreHardwareBufferManager.h" />
		<Unit filename="OgreMain/include/OgreHardwareIndexBuffer.h" />
		<Unit filename="OgreMain/include/OgreHardwareOcclusionQuery.h" />
		<Unit filename="OgreMain/include/OgreHardwarePixelBuffer.h" />
		<Unit filename="OgreMain/include/OgreHardwareVertexBuffer.h" />
		<Unit filename="OgreMain/include/OgreHeaderPrefix.h" />
		<Unit filename="OgreMain/include/OgreHeaderSuffix.h" />
		<Unit filename="OgreMain/include/OgreHighLevelGpuProgram.h" />
		<Unit filename="OgreMain/include/OgreHighLevelGpuProgramManager.h" />
		<Unit filename="OgreMain/include/OgreILCodecs.h" />
		<Unit filename="OgreMain/include/OgreILImageCodec.h" />
		<Unit filename="OgreMain/include/OgreILUtil.h" />
		<Unit filename="OgreMain/include/OgreImage.h" />
		<Unit filename="OgreMain/include/OgreImageCodec.h" />
		<Unit filename="OgreMain/include/OgreInstancedGeometry.h" />
		<Unit filename="OgreMain/include/OgreIteratorRange.h" />
		<Unit filename="OgreMain/include/OgreIteratorWrapper.h" />
		<Unit filename="OgreMain/include/OgreIteratorWrappers.h" />
		<Unit filename="OgreMain/include/OgreKeyFrame.h" />
		<Unit filename="OgreMain/include/OgreLight.h" />
		<Unit filename="OgreMain/include/OgreLodListener.h" />
		<Unit filename="OgreMain/include/OgreLodStrategy.h" />
		<Unit filename="OgreMain/include/OgreLodStrategyManager.h" />
		<Unit filename="OgreMain/include/OgreLog.h" />
		<Unit filename="OgreMain/include/OgreLogManager.h" />
		<Unit filename="OgreMain/include/OgreManualObject.h" />
		<Unit filename="OgreMain/include/OgreMaterial.h" />
		<Unit filename="OgreMain/include/OgreMaterialManager.h" />
		<Unit filename="OgreMain/include/OgreMaterialSerializer.h" />
		<Unit filename="OgreMain/include/OgreMath.h" />
		<Unit filename="OgreMain/include/OgreMatrix3.h" />
		<Unit filename="OgreMain/include/OgreMatrix4.h" />
		<Unit filename="OgreMain/include/OgreMemoryAllocatedObject.h" />
		<Unit filename="OgreMain/include/OgreMemoryAllocatorConfig.h" />
		<Unit filename="OgreMain/include/OgreMemoryNedAlloc.h" />
		<Unit filename="OgreMain/include/OgreMemoryNedPooling.h" />
		<Unit filename="OgreMain/include/OgreMemorySTLAllocator.h" />
		<Unit filename="OgreMain/include/OgreMemoryStdAlloc.h" />
		<Unit filename="OgreMain/include/OgreMemoryTracker.h" />
		<Unit filename="OgreMain/include/OgreMesh.h" />
		<Unit filename="OgreMain/include/OgreMeshFileFormat.h" />
		<Unit filename="OgreMain/include/OgreMeshManager.h" />
		<Unit filename="OgreMain/include/OgreMeshSerializer.h" />
		<Unit filename="OgreMain/include/OgreMeshSerializerImpl.h" />
		<Unit filename="OgreMain/include/OgreMovableObject.h" />
		<Unit filename="OgreMain/include/OgreMovablePlane.h" />
		<Unit filename="OgreMain/include/OgreNode.h" />
		<Unit filename="OgreMain/include/OgreNumerics.h" />
		<Unit filename="OgreMain/include/OgreOptimisedUtil.h" />
		<Unit filename="OgreMain/include/OgreOverlay.h" />
		<Unit filename="OgreMain/include/OgreOverlayContainer.h" />
		<Unit filename="OgreMain/include/OgreOverlayElement.h" />
		<Unit filename="OgreMain/include/OgreOverlayElementCommands.h" />
		<Unit filename="OgreMain/include/OgreOverlayElementFactory.h" />
		<Unit filename="OgreMain/include/OgreOverlayManager.h" />
		<Unit filename="OgreMain/include/OgrePVRTCCodec.h" />
		<Unit filename="OgreMain/include/OgrePanelOverlayElement.h" />
		<Unit filename="OgreMain/include/OgreParticle.h" />
		<Unit filename="OgreMain/include/OgreParticleAffector.h" />
		<Unit filename="OgreMain/include/OgreParticleAffectorFactory.h" />
		<Unit filename="OgreMain/include/OgreParticleEmitter.h" />
		<Unit filename="OgreMain/include/OgreParticleEmitterCommands.h" />
		<Unit filename="OgreMain/include/OgreParticleEmitterFactory.h" />
		<Unit filename="OgreMain/include/OgreParticleIterator.h" />
		<Unit filename="OgreMain/include/OgreParticleScriptCompiler.h" />
		<Unit filename="OgreMain/include/OgreParticleSystem.h" />
		<Unit filename="OgreMain/include/OgreParticleSystemManager.h" />
		<Unit filename="OgreMain/include/OgreParticleSystemRenderer.h" />
		<Unit filename="OgreMain/include/OgrePass.h" />
		<Unit filename="OgreMain/include/OgrePatchMesh.h" />
		<Unit filename="OgreMain/include/OgrePatchSurface.h" />
		<Unit filename="OgreMain/include/OgrePixelCountLodStrategy.h" />
		<Unit filename="OgreMain/include/OgrePixelFormat.h" />
		<Unit filename="OgreMain/include/OgrePlane.h" />
		<Unit filename="OgreMain/include/OgrePlaneBoundedVolume.h" />
		<Unit filename="OgreMain/include/OgrePlatform.h" />
		<Unit filename="OgreMain/include/OgrePlatformInformation.h" />
		<Unit filename="OgreMain/include/OgrePlugin.h" />
		<Unit filename="OgreMain/include/OgrePolygon.h" />
		<Unit filename="OgreMain/include/OgrePose.h" />
		<Unit filename="OgreMain/include/OgrePredefinedControllers.h" />
		<Unit filename="OgreMain/include/OgrePrefabFactory.h" />
		<Unit filename="OgreMain/include/OgrePrerequisites.h" />
		<Unit filename="OgreMain/include/OgreProfiler.h" />
		<Unit filename="OgreMain/include/OgreProgressiveMesh.h" />
		<Unit filename="OgreMain/include/OgreQuaternion.h" />
		<Unit filename="OgreMain/include/OgreRadixSort.h" />
		<Unit filename="OgreMain/include/OgreRay.h" />
		<Unit filename="OgreMain/include/OgreRectangle.h" />
		<Unit filename="OgreMain/include/OgreRectangle2D.h" />
		<Unit filename="OgreMain/include/OgreRenderObjectListener.h" />
		<Unit filename="OgreMain/include/OgreRenderOperation.h" />
		<Unit filename="OgreMain/include/OgreRenderQueue.h" />
		<Unit filename="OgreMain/include/OgreRenderQueueInvocation.h" />
		<Unit filename="OgreMain/include/OgreRenderQueueListener.h" />
		<Unit filename="OgreMain/include/OgreRenderQueueSortingGrouping.h" />
		<Unit filename="OgreMain/include/OgreRenderSystem.h" />
		<Unit filename="OgreMain/include/OgreRenderSystemCapabilities.h" />
		<Unit filename="OgreMain/include/OgreRenderSystemCapabilitiesManager.h" />
		<Unit filename="OgreMain/include/OgreRenderSystemCapabilitiesSerializer.h" />
		<Unit filename="OgreMain/include/OgreRenderTarget.h" />
		<Unit filename="OgreMain/include/OgreRenderTargetListener.h" />
		<Unit filename="OgreMain/include/OgreRenderTexture.h" />
		<Unit filename="OgreMain/include/OgreRenderToVertexBuffer.h" />
		<Unit filename="OgreMain/include/OgreRenderWindow.h" />
		<Unit filename="OgreMain/include/OgreRenderable.h" />
		<Unit filename="OgreMain/include/OgreResource.h" />
		<Unit filename="OgreMain/include/OgreResourceBackgroundQueue.h" />
		<Unit filename="OgreMain/include/OgreResourceGroupManager.h" />
		<Unit filename="OgreMain/include/OgreResourceManager.h" />
		<Unit filename="OgreMain/include/OgreRibbonTrail.h" />
		<Unit filename="OgreMain/include/OgreRoot.h" />
		<Unit filename="OgreMain/include/OgreRotationalSpline.h" />
		<Unit filename="OgreMain/include/OgreSceneManager.h" />
		<Unit filename="OgreMain/include/OgreSceneManagerEnumerator.h" />
		<Unit filename="OgreMain/include/OgreSceneNode.h" />
		<Unit filename="OgreMain/include/OgreSceneQuery.h" />
		<Unit filename="OgreMain/include/OgreScriptCompiler.h" />
		<Unit filename="OgreMain/include/OgreScriptLexer.h" />
		<Unit filename="OgreMain/include/OgreScriptLoader.h" />
		<Unit filename="OgreMain/include/OgreScriptParser.h" />
		<Unit filename="OgreMain/include/OgreScriptTranslator.h" />
		<Unit filename="OgreMain/include/OgreSearchOps.h" />
		<Unit filename="OgreMain/include/OgreSerializer.h" />
		<Unit filename="OgreMain/include/OgreShadowCameraSetup.h" />
		<Unit filename="OgreMain/include/OgreShadowCameraSetupFocused.h" />
		<Unit filename="OgreMain/include/OgreShadowCameraSetupLiSPSM.h" />
		<Unit filename="OgreMain/include/OgreShadowCameraSetupPSSM.h" />
		<Unit filename="OgreMain/include/OgreShadowCameraSetupPlaneOptimal.h" />
		<Unit filename="OgreMain/include/OgreShadowCaster.h" />
		<Unit filename="OgreMain/include/OgreShadowTextureManager.h" />
		<Unit filename="OgreMain/include/OgreShadowVolumeExtrudeProgram.h" />
		<Unit filename="OgreMain/include/OgreSharedPtr.h" />
		<Unit filename="OgreMain/include/OgreSimpleRenderable.h" />
		<Unit filename="OgreMain/include/OgreSimpleSpline.h" />
		<Unit filename="OgreMain/include/OgreSingleton.h" />
		<Unit filename="OgreMain/include/OgreSkeleton.h" />
		<Unit filename="OgreMain/include/OgreSkeletonFileFormat.h" />
		<Unit filename="OgreMain/include/OgreSkeletonInstance.h" />
		<Unit filename="OgreMain/include/OgreSkeletonManager.h" />
		<Unit filename="OgreMain/include/OgreSkeletonSerializer.h" />
		<Unit filename="OgreMain/include/OgreSphere.h" />
		<Unit filename="OgreMain/include/OgreSpotShadowFadePng.h" />
		<Unit filename="OgreMain/include/OgreStableHeaders.h" />
		<Unit filename="OgreMain/include/OgreStaticFaceGroup.h" />
		<Unit filename="OgreMain/include/OgreStaticGeometry.h" />
		<Unit filename="OgreMain/include/OgreStdHeaders.h" />
		<Unit filename="OgreMain/include/OgreStreamSerialiser.h" />
		<Unit filename="OgreMain/include/OgreString.h" />
		<Unit filename="OgreMain/include/OgreStringConverter.h" />
		<Unit filename="OgreMain/include/OgreStringInterface.h" />
		<Unit filename="OgreMain/include/OgreStringVector.h" />
		<Unit filename="OgreMain/include/OgreSubEntity.h" />
		<Unit filename="OgreMain/include/OgreSubMesh.h" />
		<Unit filename="OgreMain/include/OgreTagPoint.h" />
		<Unit filename="OgreMain/include/OgreTangentSpaceCalc.h" />
		<Unit filename="OgreMain/include/OgreTechnique.h" />
		<Unit filename="OgreMain/include/OgreTextAreaOverlayElement.h" />
		<Unit filename="OgreMain/include/OgreTexture.h" />
		<Unit filename="OgreMain/include/OgreTextureManager.h" />
		<Unit filename="OgreMain/include/OgreTextureUnitState.h" />
		<Unit filename="OgreMain/include/OgreTimer.h" />
		<Unit filename="OgreMain/include/OgreUTFString.h" />
		<Unit filename="OgreMain/include/OgreUnifiedHighLevelGpuProgram.h" />
		<Unit filename="OgreMain/include/OgreUserObjectBindings.h" />
		<Unit filename="OgreMain/include/OgreVector2.h" />
		<Unit filename="OgreMain/include/OgreVector3.h" />
		<Unit filename="OgreMain/include/OgreVector4.h" />
		<Unit filename="OgreMain/include/OgreVertexBoneAssignment.h" />
		<Unit filename="OgreMain/include/OgreVertexIndexData.h" />
		<Unit filename="OgreMain/include/OgreViewport.h" />
		<Unit filename="OgreMain/include/OgreWindowEventUtilities.h" />
		<Unit filename="OgreMain/include/OgreWireBoundingBox.h" />
		<Unit filename="OgreMain/include/OgreWorkQueue.h" />
		<Unit filename="OgreMain/include/OgreZip.h" />
		<Unit filename="OgreMain/include/Symbian/OgreConfigDialogImp.h" />
		<Unit filename="OgreMain/include/Symbian/OgreErrorDialogImp.h" />
		<Unit filename="OgreMain/include/Threading/OgreDefaultWorkQueue.h" />
		<Unit filename="OgreMain/include/Threading/OgreDefaultWorkQueueStandard.h" />
		<Unit filename="OgreMain/include/Threading/OgreDefaultWorkQueueTBB.h" />
		<Unit filename="OgreMain/include/Threading/OgreThreadDefines.h" />
		<Unit filename="OgreMain/include/Threading/OgreThreadDefinesBoost.h" />
		<Unit filename="OgreMain/include/Threading/OgreThreadDefinesNone.h" />
		<Unit filename="OgreMain/include/Threading/OgreThreadDefinesPoco.h" />
		<Unit filename="OgreMain/include/Threading/OgreThreadDefinesTBB.h" />
		<Unit filename="OgreMain/include/Threading/OgreThreadHeaders.h" />
		<Unit filename="OgreMain/include/Threading/OgreThreadHeadersBoost.h" />
		<Unit filename="OgreMain/include/Threading/OgreThreadHeadersPoco.h" />
		<Unit filename="OgreMain/include/Threading/OgreThreadHeadersTBB.h" />
		<Unit filename="OgreMain/include/WIN32/OgreConfigDialogImp.h" />
		<Unit filename="OgreMain/include/WIN32/OgreErrorDialogImp.h" />
		<Unit filename="OgreMain/include/WIN32/OgreMinGWSupport.h" />
		<Unit filename="OgreMain/include/WIN32/OgreTimerImp.h" />
		<Unit filename="OgreMain/include/asm_math.h" />
		<Unit filename="OgreMain/include/gtk/OgreConfigDialogImp.h" />
		<Unit filename="OgreMain/include/gtk/OgreErrorDialogImp.h" />
		<Unit filename="OgreMain/src/GLX/GLX_backdrop.h" />
		<Unit filename="OgreMain/src/GLX/OgreConfigDialog.cpp" />
		<Unit filename="OgreMain/src/GLX/OgreErrorDialog.cpp" />
		<Unit filename="OgreMain/src/GLX/OgreTimer.cpp" />
		<Unit filename="OgreMain/src/OgreAlignedAllocator.cpp" />
		<Unit filename="OgreMain/src/OgreAnimable.cpp" />
		<Unit filename="OgreMain/src/OgreAnimation.cpp" />
		<Unit filename="OgreMain/src/OgreAnimationState.cpp" />
		<Unit filename="OgreMain/src/OgreAnimationTrack.cpp" />
		<Unit filename="OgreMain/src/OgreArchiveManager.cpp" />
		<Unit filename="OgreMain/src/OgreAutoParamDataSource.cpp" />
		<Unit filename="OgreMain/src/OgreAxisAlignedBox.cpp" />
		<Unit filename="OgreMain/src/OgreBillboard.cpp" />
		<Unit filename="OgreMain/src/OgreBillboardChain.cpp" />
		<Unit filename="OgreMain/src/OgreBillboardParticleRenderer.cpp" />
		<Unit filename="OgreMain/src/OgreBillboardSet.cpp" />
		<Unit filename="OgreMain/src/OgreBone.cpp" />
		<Unit filename="OgreMain/src/OgreBorderPanelOverlayElement.cpp" />
		<Unit filename="OgreMain/src/OgreCamera.cpp" />
		<Unit filename="OgreMain/src/OgreCodec.cpp" />
		<Unit filename="OgreMain/src/OgreColourValue.cpp" />
		<Unit filename="OgreMain/src/OgreCommon.cpp" />
		<Unit filename="OgreMain/src/OgreCompositionPass.cpp" />
		<Unit filename="OgreMain/src/OgreCompositionTargetPass.cpp" />
		<Unit filename="OgreMain/src/OgreCompositionTechnique.cpp" />
		<Unit filename="OgreMain/src/OgreCompositor.cpp" />
		<Unit filename="OgreMain/src/OgreCompositorChain.cpp" />
		<Unit filename="OgreMain/src/OgreCompositorInstance.cpp" />
		<Unit filename="OgreMain/src/OgreCompositorManager.cpp" />
		<Unit filename="OgreMain/src/OgreConfigFile.cpp" />
		<Unit filename="OgreMain/src/OgreControllerManager.cpp" />
		<Unit filename="OgreMain/src/OgreConvexBody.cpp" />
		<Unit filename="OgreMain/src/OgreDDSCodec.cpp" />
		<Unit filename="OgreMain/src/OgreDataStream.cpp" />
		<Unit filename="OgreMain/src/OgreDefaultHardwareBufferManager.cpp" />
		<Unit filename="OgreMain/src/OgreDefaultSceneQueries.cpp" />
		<Unit filename="OgreMain/src/OgreDistanceLodStrategy.cpp" />
		<Unit filename="OgreMain/src/OgreDynLib.cpp" />
		<Unit filename="OgreMain/src/OgreDynLibManager.cpp" />
		<Unit filename="OgreMain/src/OgreEdgeListBuilder.cpp" />
		<Unit filename="OgreMain/src/OgreEntity.cpp" />
		<Unit filename="OgreMain/src/OgreException.cpp" />
		<Unit filename="OgreMain/src/OgreExternalTextureSource.cpp" />
		<Unit filename="OgreMain/src/OgreExternalTextureSourceManager.cpp" />
		<Unit filename="OgreMain/src/OgreFileSystem.cpp" />
		<Unit filename="OgreMain/src/OgreFont.cpp" />
		<Unit filename="OgreMain/src/OgreFontManager.cpp" />
		<Unit filename="OgreMain/src/OgreFreeImageCodec.cpp" />
		<Unit filename="OgreMain/src/OgreFrustum.cpp" />
		<Unit filename="OgreMain/src/OgreGpuProgram.cpp" />
		<Unit filename="OgreMain/src/OgreGpuProgramManager.cpp" />
		<Unit filename="OgreMain/src/OgreGpuProgramParams.cpp" />
		<Unit filename="OgreMain/src/OgreGpuProgramUsage.cpp" />
		<Unit filename="OgreMain/src/OgreHardwareBufferManager.cpp" />
		<Unit filename="OgreMain/src/OgreHardwareIndexBuffer.cpp" />
		<Unit filename="OgreMain/src/OgreHardwareOcclusionQuery.cpp" />
		<Unit filename="OgreMain/src/OgreHardwarePixelBuffer.cpp" />
		<Unit filename="OgreMain/src/OgreHardwareVertexBuffer.cpp" />
		<Unit filename="OgreMain/src/OgreHighLevelGpuProgram.cpp" />
		<Unit filename="OgreMain/src/OgreHighLevelGpuProgramManager.cpp" />
		<Unit filename="OgreMain/src/OgreImage.cpp" />
		<Unit filename="OgreMain/src/OgreImageResampler.h" />
		<Unit filename="OgreMain/src/OgreInstancedGeometry.cpp" />
		<Unit filename="OgreMain/src/OgreKeyFrame.cpp" />
		<Unit filename="OgreMain/src/OgreLight.cpp" />
		<Unit filename="OgreMain/src/OgreLodStrategy.cpp" />
		<Unit filename="OgreMain/src/OgreLodStrategyManager.cpp" />
		<Unit filename="OgreMain/src/OgreLog.cpp" />
		<Unit filename="OgreMain/src/OgreLogManager.cpp" />
		<Unit filename="OgreMain/src/OgreManualObject.cpp" />
		<Unit filename="OgreMain/src/OgreMaterial.cpp" />
		<Unit filename="OgreMain/src/OgreMaterialManager.cpp" />
		<Unit filename="OgreMain/src/OgreMaterialSerializer.cpp" />
		<Unit filename="OgreMain/src/OgreMath.cpp" />
		<Unit filename="OgreMain/src/OgreMatrix3.cpp" />
		<Unit filename="OgreMain/src/OgreMatrix4.cpp" />
		<Unit filename="OgreMain/src/OgreMemoryAllocatedObject.cpp" />
		<Unit filename="OgreMain/src/OgreMemoryNedAlloc.cpp" />
		<Unit filename="OgreMain/src/OgreMemoryNedPooling.cpp" />
		<Unit filename="OgreMain/src/OgreMemoryTracker.cpp" />
		<Unit filename="OgreMain/src/OgreMesh.cpp" />
		<Unit filename="OgreMain/src/OgreMeshManager.cpp" />
		<Unit filename="OgreMain/src/OgreMeshSerializer.cpp" />
		<Unit filename="OgreMain/src/OgreMeshSerializerImpl.cpp" />
		<Unit filename="OgreMain/src/OgreMovableObject.cpp" />
		<Unit filename="OgreMain/src/OgreMovablePlane.cpp" />
		<Unit filename="OgreMain/src/OgreNode.cpp" />
		<Unit filename="OgreMain/src/OgreNumerics.cpp" />
		<Unit filename="OgreMain/src/OgreOptimisedUtil.cpp" />
		<Unit filename="OgreMain/src/OgreOptimisedUtilGeneral.cpp" />
		<Unit filename="OgreMain/src/OgreOptimisedUtilSSE.cpp" />
		<Unit filename="OgreMain/src/OgreOverlay.cpp" />
		<Unit filename="OgreMain/src/OgreOverlayContainer.cpp" />
		<Unit filename="OgreMain/src/OgreOverlayElement.cpp" />
		<Unit filename="OgreMain/src/OgreOverlayElementCommands.cpp" />
		<Unit filename="OgreMain/src/OgreOverlayManager.cpp" />
		<Unit filename="OgreMain/src/OgrePVRTCCodec.cpp" />
		<Unit filename="OgreMain/src/OgrePanelOverlayElement.cpp" />
		<Unit filename="OgreMain/src/OgreParticle.cpp" />
		<Unit filename="OgreMain/src/OgreParticleEmitter.cpp" />
		<Unit filename="OgreMain/src/OgreParticleEmitterCommands.cpp" />
		<Unit filename="OgreMain/src/OgreParticleIterator.cpp" />
		<Unit filename="OgreMain/src/OgreParticleSystem.cpp" />
		<Unit filename="OgreMain/src/OgreParticleSystemManager.cpp" />
		<Unit filename="OgreMain/src/OgrePass.cpp" />
		<Unit filename="OgreMain/src/OgrePatchMesh.cpp" />
		<Unit filename="OgreMain/src/OgrePatchSurface.cpp" />
		<Unit filename="OgreMain/src/OgrePixelConversions.h" />
		<Unit filename="OgreMain/src/OgrePixelCountLodStrategy.cpp" />
		<Unit filename="OgreMain/src/OgrePixelFormat.cpp" />
		<Unit filename="OgreMain/src/OgrePlane.cpp" />
		<Unit filename="OgreMain/src/OgrePlatformInformation.cpp" />
		<Unit filename="OgreMain/src/OgrePolygon.cpp" />
		<Unit filename="OgreMain/src/OgrePose.cpp" />
		<Unit filename="OgreMain/src/OgrePrecompiledHeaders.cpp" />
		<Unit filename="OgreMain/src/OgrePredefinedControllers.cpp" />
		<Unit filename="OgreMain/src/OgrePrefabFactory.cpp" />
		<Unit filename="OgreMain/src/OgreProfiler.cpp" />
		<Unit filename="OgreMain/src/OgreProgressiveMesh.cpp" />
		<Unit filename="OgreMain/src/OgreQuaternion.cpp" />
		<Unit filename="OgreMain/src/OgreRectangle2D.cpp" />
		<Unit filename="OgreMain/src/OgreRenderQueue.cpp" />
		<Unit filename="OgreMain/src/OgreRenderQueueInvocation.cpp" />
		<Unit filename="OgreMain/src/OgreRenderQueueSortingGrouping.cpp" />
		<Unit filename="OgreMain/src/OgreRenderSystem.cpp" />
		<Unit filename="OgreMain/src/OgreRenderSystemCapabilities.cpp" />
		<Unit filename="OgreMain/src/OgreRenderSystemCapabilitiesManager.cpp" />
		<Unit filename="OgreMain/src/OgreRenderSystemCapabilitiesSerializer.cpp" />
		<Unit filename="OgreMain/src/OgreRenderTarget.cpp" />
		<Unit filename="OgreMain/src/OgreRenderTexture.cpp" />
		<Unit filename="OgreMain/src/OgreRenderToVertexBuffer.cpp" />
		<Unit filename="OgreMain/src/OgreRenderWindow.cpp" />
		<Unit filename="OgreMain/src/OgreResource.cpp" />
		<Unit filename="OgreMain/src/OgreResourceBackgroundQueue.cpp" />
		<Unit filename="OgreMain/src/OgreResourceGroupManager.cpp" />
		<Unit filename="OgreMain/src/OgreResourceManager.cpp" />
		<Unit filename="OgreMain/src/OgreRibbonTrail.cpp" />
		<Unit filename="OgreMain/src/OgreRoot.cpp" />
		<Unit filename="OgreMain/src/OgreRotationSpline.cpp" />
		<Unit filename="OgreMain/src/OgreSIMDHelper.h" />
		<Unit filename="OgreMain/src/OgreSceneManager.cpp" />
		<Unit filename="OgreMain/src/OgreSceneManagerEnumerator.cpp" />
		<Unit filename="OgreMain/src/OgreSceneNode.cpp" />
		<Unit filename="OgreMain/src/OgreSceneQuery.cpp" />
		<Unit filename="OgreMain/src/OgreScriptCompiler.cpp" />
		<Unit filename="OgreMain/src/OgreScriptLexer.cpp" />
		<Unit filename="OgreMain/src/OgreScriptParser.cpp" />
		<Unit filename="OgreMain/src/OgreScriptTranslator.cpp" />
		<Unit filename="OgreMain/src/OgreSearchOps.cpp" />
		<Unit filename="OgreMain/src/OgreSerializer.cpp" />
		<Unit filename="OgreMain/src/OgreShadowCameraSetup.cpp" />
		<Unit filename="OgreMain/src/OgreShadowCameraSetupFocused.cpp" />
		<Unit filename="OgreMain/src/OgreShadowCameraSetupLiSPSM.cpp" />
		<Unit filename="OgreMain/src/OgreShadowCameraSetupPSSM.cpp" />
		<Unit filename="OgreMain/src/OgreShadowCameraSetupPlaneOptimal.cpp" />
		<Unit filename="OgreMain/src/OgreShadowCaster.cpp" />
		<Unit filename="OgreMain/src/OgreShadowTextureManager.cpp" />
		<Unit filename="OgreMain/src/OgreShadowVolumeExtrudeProgram.cpp" />
		<Unit filename="OgreMain/src/OgreSimpleRenderable.cpp" />
		<Unit filename="OgreMain/src/OgreSimpleSpline.cpp" />
		<Unit filename="OgreMain/src/OgreSkeleton.cpp" />
		<Unit filename="OgreMain/src/OgreSkeletonInstance.cpp" />
		<Unit filename="OgreMain/src/OgreSkeletonManager.cpp" />
		<Unit filename="OgreMain/src/OgreSkeletonSerializer.cpp" />
		<Unit filename="OgreMain/src/OgreStaticGeometry.cpp" />
		<Unit filename="OgreMain/src/OgreStreamSerialiser.cpp" />
		<Unit filename="OgreMain/src/OgreString.cpp" />
		<Unit filename="OgreMain/src/OgreStringConverter.cpp" />
		<Unit filename="OgreMain/src/OgreStringInterface.cpp" />
		<Unit filename="OgreMain/src/OgreSubEntity.cpp" />
		<Unit filename="OgreMain/src/OgreSubMesh.cpp" />
		<Unit filename="OgreMain/src/OgreTagPoint.cpp" />
		<Unit filename="OgreMain/src/OgreTangentSpaceCalc.cpp" />
		<Unit filename="OgreMain/src/OgreTechnique.cpp" />
		<Unit filename="OgreMain/src/OgreTextAreaOverlayElement.cpp" />
		<Unit filename="OgreMain/src/OgreTexture.cpp" />
		<Unit filename="OgreMain/src/OgreTextureManager.cpp" />
		<Unit filename="OgreMain/src/OgreTextureUnitState.cpp" />
		<Unit filename="OgreMain/src/OgreUTFString.cpp" />
		<Unit filename="OgreMain/src/OgreUnifiedHighLevelGpuProgram.cpp" />
		<Unit filename="OgreMain/src/OgreUserObjectBindings.cpp" />
		<Unit filename="OgreMain/src/OgreVector2.cpp" />
		<Unit filename="OgreMain/src/OgreVector3.cpp" />
		<Unit filename="OgreMain/src/OgreVector4.cpp" />
		<Unit filename="OgreMain/src/OgreVertexIndexData.cpp" />
		<Unit filename="OgreMain/src/OgreViewport.cpp" />
		<Unit filename="OgreMain/src/OgreWindowEventUtilities.cpp" />
		<Unit filename="OgreMain/src/OgreWireBoundingBox.cpp" />
		<Unit filename="OgreMain/src/OgreWorkQueue.cpp" />
		<Unit filename="OgreMain/src/OgreZip.cpp" />
		<Unit filename="OgreMain/src/Threading/OgreDefaultWorkQueueStandard.cpp" />
		<Unit filename="OgreMain/src/WIN32/resource.h" />
		<Unit filename="OgreMain/src/WIN32/winres.h" />
		<Unit filename="OgreMain/src/gtk/GLX_backdrop.h" />
		<Unit filename="OgreMain/src/nedmalloc/malloc.c.h" />
		<Unit filename="OgreMain/src/nedmalloc/nedmalloc.h" />
		<Unit filename="Paging/src/OgreGrid2DPageStrategy.cpp" />
		<Unit filename="Paging/src/OgrePage.cpp" />
		<Unit filename="Paging/src/OgrePageContent.cpp" />
		<Unit filename="Paging/src/OgrePageContentCollection.cpp" />
		<Unit filename="Paging/src/OgrePageManager.cpp" />
		<Unit filename="Paging/src/OgrePagedWorld.cpp" />
		<Unit filename="Paging/src/OgrePagedWorldSection.cpp" />
		<Unit filename="Paging/src/OgreSimplePageContentCollection.cpp" />
		<Unit filename="ParticleFX/src/OgreAreaEmitter.cpp" />
		<Unit filename="ParticleFX/src/OgreBoxEmitter.cpp" />
		<Unit filename="ParticleFX/src/OgreColourFaderAffector.cpp" />
		<Unit filename="ParticleFX/src/OgreColourFaderAffector2.cpp" />
		<Unit filename="ParticleFX/src/OgreColourImageAffector.cpp" />
		<Unit filename="ParticleFX/src/OgreColourInterpolatorAffector.cpp" />
		<Unit filename="ParticleFX/src/OgreCylinderEmitter.cpp" />
		<Unit filename="ParticleFX/src/OgreDeflectorPlaneAffector.cpp" />
		<Unit filename="ParticleFX/src/OgreDirectionRandomiserAffector.cpp" />
		<Unit filename="ParticleFX/src/OgreEllipsoidEmitter.cpp" />
		<Unit filename="ParticleFX/src/OgreHollowEllipsoidEmitter.cpp" />
		<Unit filename="ParticleFX/src/OgreLinearForceAffector.cpp" />
		<Unit filename="ParticleFX/src/OgreParticleFX.cpp" />
		<Unit filename="ParticleFX/src/OgreParticleFXPlugin.cpp" />
		<Unit filename="ParticleFX/src/OgrePointEmitter.cpp" />
		<Unit filename="ParticleFX/src/OgreRingEmitter.cpp" />
		<Unit filename="ParticleFX/src/OgreRotationAffector.cpp" />
		<Unit filename="ParticleFX/src/OgreScaleAffector.cpp" />
		<Unit filename="Terrain/src/OgreTerrain.cpp" />
		<Unit filename="Terrain/src/OgreTerrainGroup.cpp" />
		<Unit filename="Terrain/src/OgreTerrainLayerBlendMap.cpp" />
		<Unit filename="Terrain/src/OgreTerrainMaterialGenerator.cpp" />
		<Unit filename="Terrain/src/OgreTerrainMaterialGeneratorA.cpp" />
		<Unit filename="Terrain/src/OgreTerrainPagedWorldSection.cpp" />
		<Unit filename="Terrain/src/OgreTerrainPaging.cpp" />
		<Unit filename="Terrain/src/OgreTerrainQuadTreeNode.cpp" />
		<Unit filename="TutorialApplication.cpp" />
		<Unit filename="TutorialApplication.h" />
		<Unit filename="include/OgreAntiPortal.h" />
		<Unit filename="include/OgreAreaEmitter.h" />
		<Unit filename="include/OgreBoxEmitter.h" />
		<Unit filename="include/OgreBoxEmitterFactory.h" />
		<Unit filename="include/OgreBspLevel.h" />
		<Unit filename="include/OgreBspNode.h" />
		<Unit filename="include/OgreBspPrerequisites.h" />
		<Unit filename="include/OgreBspResourceManager.h" />
		<Unit filename="include/OgreBspSceneManager.h" />
		<Unit filename="include/OgreBspSceneManagerPlugin.h" />
		<Unit filename="include/OgreBspSceneNode.h" />
		<Unit filename="include/OgreBuildSettings.h" />
		<Unit filename="include/OgreCapsule.h" />
		<Unit filename="include/OgreColourFaderAffector.h" />
		<Unit filename="include/OgreColourFaderAffector2.h" />
		<Unit filename="include/OgreColourFaderAffectorFactory.h" />
		<Unit filename="include/OgreColourFaderAffectorFactory2.h" />
		<Unit filename="include/OgreColourImageAffector.h" />
		<Unit filename="include/OgreColourImageAffectorFactory.h" />
		<Unit filename="include/OgreColourInterpolatorAffector.h" />
		<Unit filename="include/OgreColourInterpolatorAffectorFactory.h" />
		<Unit filename="include/OgreCylinderEmitter.h" />
		<Unit filename="include/OgreCylinderEmitterFactory.h" />
		<Unit filename="include/OgreDefaultZone.h" />
		<Unit filename="include/OgreDeflectorPlaneAffector.h" />
		<Unit filename="include/OgreDeflectorPlaneAffectorFactory.h" />
		<Unit filename="include/OgreDirectionRandomiserAffector.h" />
		<Unit filename="include/OgreDirectionRandomiserAffectorFactory.h" />
		<Unit filename="include/OgreEXRCodec.h" />
		<Unit filename="include/OgreEllipsoidEmitter.h" />
		<Unit filename="include/OgreEllipsoidEmitterFactory.h" />
		<Unit filename="include/OgreHeightmapTerrainPageSource.h" />
		<Unit filename="include/OgreHeightmapTerrainZonePageSource.h" />
		<Unit filename="include/OgreHollowEllipsoidEmitter.h" />
		<Unit filename="include/OgreHollowEllipsoidEmitterFactory.h" />
		<Unit filename="include/OgreLinearForceAffector.h" />
		<Unit filename="include/OgreLinearForceAffectorFactory.h" />
		<Unit filename="include/OgreOctree.h" />
		<Unit filename="include/OgreOctreeCamera.h" />
		<Unit filename="include/OgreOctreeNode.h" />
		<Unit filename="include/OgreOctreePlugin.h" />
		<Unit filename="include/OgreOctreeSceneManager.h" />
		<Unit filename="include/OgreOctreeSceneQuery.h" />
		<Unit filename="include/OgreOctreeZone.h" />
		<Unit filename="include/OgreOctreeZoneOctree.h" />
		<Unit filename="include/OgreOctreeZonePlugin.h" />
		<Unit filename="include/OgreOctreeZonePrerequisites.h" />
		<Unit filename="include/OgrePCPlane.h" />
		<Unit filename="include/OgrePCZCamera.h" />
		<Unit filename="include/OgrePCZFrustum.h" />
		<Unit filename="include/OgrePCZLight.h" />
		<Unit filename="include/OgrePCZPlugin.h" />
		<Unit filename="include/OgrePCZPrerequisites.h" />
		<Unit filename="include/OgrePCZSceneManager.h" />
		<Unit filename="include/OgrePCZSceneNode.h" />
		<Unit filename="include/OgrePCZSceneQuery.h" />
		<Unit filename="include/OgrePCZone.h" />
		<Unit filename="include/OgrePCZoneFactory.h" />
		<Unit filename="include/OgreParticleFXPlugin.h" />
		<Unit filename="include/OgreParticleFXPrerequisites.h" />
		<Unit filename="include/OgrePointEmitter.h" />
		<Unit filename="include/OgrePointEmitterFactory.h" />
		<Unit filename="include/OgrePortal.h" />
		<Unit filename="include/OgrePortalBase.h" />
		<Unit filename="include/OgreQuake3Level.h" />
		<Unit filename="include/OgreQuake3Shader.h" />
		<Unit filename="include/OgreQuake3ShaderManager.h" />
		<Unit filename="include/OgreQuake3Types.h" />
		<Unit filename="include/OgreRingEmitter.h" />
		<Unit filename="include/OgreRingEmitterFactory.h" />
		<Unit filename="include/OgreRotationAffector.h" />
		<Unit filename="include/OgreRotationAffectorFactory.h" />
		<Unit filename="include/OgreScaleAffector.h" />
		<Unit filename="include/OgreScaleAffectorFactory.h" />
		<Unit filename="include/OgreSegment.h" />
		<Unit filename="include/OgreTerrainPage.h" />
		<Unit filename="include/OgreTerrainPageSource.h" />
		<Unit filename="include/OgreTerrainPrerequisites.h" />
		<Unit filename="include/OgreTerrainRenderable.h" />
		<Unit filename="include/OgreTerrainSceneManager.h" />
		<Unit filename="include/OgreTerrainVertexProgram.h" />
		<Unit filename="include/OgreTerrainZone.h" />
		<Unit filename="include/OgreTerrainZonePage.h" />
		<Unit filename="include/OgreTerrainZonePageSource.h" />
		<Unit filename="include/OgreTerrainZonePrerequisites.h" />
		<Unit filename="include/OgreTerrainZoneRenderable.h" />
		<Extensions />
	</Project>
</CodeBlocks_project_file>
